
Microsoft Visual Studio Solution File, Format Version 12.00
# Visual Studio 15
VisualStudioVersion = 15.0.28307.271
MinimumVisualStudioVersion = 10.0.40219.1
Project("{FAE04EC0-301F-11D3-BF4B-00C04F79EFBC}") = "LeetCode", "LeetCode\LeetCode.csproj", "{2FBBCB2D-96B1-442A-98CD-95F777917F32}"
EndProject
Global
	GlobalSection(SolutionConfigurationPlatforms) = preSolution
		Debug|Any CPU = Debug|Any CPU
		Release|Any CPU = Release|Any CPU
	EndGlobalSection
	GlobalSection(ProjectConfigurationPlatforms) = postSolution
		{2FBBCB2D-96B1-442A-98CD-95F777917F32}.Debug|Any CPU.ActiveCfg = Debug|Any CPU
		{2FBBCB2D-96B1-442A-98CD-95F777917F32}.Debug|Any CPU.Build.0 = Debug|Any CPU
		{2FBBCB2D-96B1-442A-98CD-95F777917F32}.Release|Any CPU.ActiveCfg = Release|Any CPU
		{2FBBCB2D-96B1-442A-98CD-95F777917F32}.Release|Any CPU.Build.0 = Release|Any CPU
	EndGlobalSection
	GlobalSection(SolutionProperties) = preSolution
		HideSolutionNode = FALSE
	EndGlobalSection
	GlobalSection(ExtensibilityGlobals) = postSolution
		SolutionGuid = {BF5F8759-39AE-4E0F-BFF2-77B931A2DB68}
	EndGlobalSection
EndGlobal
